
Microsoft Visual Studio Solution File, Format Version 12.00
Project("{FAE04EC0-301F-11D3-BF4B-00C04F79EFBC}") = "BankOperationsWebApp", "BankOperationsWebApp\BankOperationsWebApp.csproj", "{164CB1E4-EBC6-4C5A-9313-440748CCF7EE}"
EndProject
Global
	GlobalSection(SolutionConfigurationPlatforms) = preSolution
		Debug|Any CPU = Debug|Any CPU
		Release|Any CPU = Release|Any CPU
	EndGlobalSection
	GlobalSection(ProjectConfigurationPlatforms) = postSolution
		{164CB1E4-EBC6-4C5A-9313-440748CCF7EE}.Debug|Any CPU.ActiveCfg = Debug|Any CPU
		{164CB1E4-EBC6-4C5A-9313-440748CCF7EE}.Debug|Any CPU.Build.0 = Debug|Any CPU
		{164CB1E4-EBC6-4C5A-9313-440748CCF7EE}.Release|Any CPU.ActiveCfg = Release|Any CPU
		{164CB1E4-EBC6-4C5A-9313-440748CCF7EE}.Release|Any CPU.Build.0 = Release|Any CPU
	EndGlobalSection
EndGlobal
